// !$*UTF8*$!
{
	archiveVersion = 1;
	classes = {
	};
	objectVersion = 56;
	objects = {

/* Begin PBXBuildFile section */
		2A7F70C42A6965BA0091B73C /* UserDisplayApp_SwiftUIApp.swift in Sources */ = {isa = PBXBuildFile; fileRef = 2A7F70C32A6965BA0091B73C /* UserDisplayApp_SwiftUIApp.swift */; };
		2A7F70C62A6965BA0091B73C /* ContentView.swift in Sources */ = {isa = PBXBuildFile; fileRef = 2A7F70C52A6965BA0091B73C /* ContentView.swift */; };
		2A7F70C82A6965BF0091B73C /* Assets.xcassets in Resources */ = {isa = PBXBuildFile; fileRef = 2A7F70C72A6965BF0091B73C /* Assets.xcassets */; };
		2A7F70CB2A6965BF0091B73C /* Preview Assets.xcassets in Resources */ = {isa = PBXBuildFile; fileRef = 2A7F70CA2A6965BF0091B73C /* Preview Assets.xcassets */; };
		2A7F70D52A6965C00091B73C /* UserDisplayApp_SwiftUITests.swift in Sources */ = {isa = PBXBuildFile; fileRef = 2A7F70D42A6965C00091B73C /* UserDisplayApp_SwiftUITests.swift */; };
		2A7F70F12A69793C0091B73C /* LoginView.swift in Sources */ = {isa = PBXBuildFile; fileRef = 2A7F70F02A69793C0091B73C /* LoginView.swift */; };
		2A7F70F42A698DD00091B73C /* InputView.swift in Sources */ = {isa = PBXBuildFile; fileRef = 2A7F70F32A698DD00091B73C /* InputView.swift */; };
		2A7F70F62A69A0080091B73C /* RegistrationView.swift in Sources */ = {isa = PBXBuildFile; fileRef = 2A7F70F52A69A0080091B73C /* RegistrationView.swift */; };
		2A7F70F82A69A2CD0091B73C /* ButtonView.swift in Sources */ = {isa = PBXBuildFile; fileRef = 2A7F70F72A69A2CD0091B73C /* ButtonView.swift */; };
		2A7F70FA2A69A9880091B73C /* UsersView.swift in Sources */ = {isa = PBXBuildFile; fileRef = 2A7F70F92A69A9880091B73C /* UsersView.swift */; };
		2A7F70FC2A69B0090091B73C /* UserRowView.swift in Sources */ = {isa = PBXBuildFile; fileRef = 2A7F70FB2A69B0090091B73C /* UserRowView.swift */; };
		2A7F70FF2A69B0680091B73C /* User.swift in Sources */ = {isa = PBXBuildFile; fileRef = 2A7F70FE2A69B0680091B73C /* User.swift */; };
		2A7F71022A69B19F0091B73C /* UserServiceViewModel.swift in Sources */ = {isa = PBXBuildFile; fileRef = 2A7F71012A69B19F0091B73C /* UserServiceViewModel.swift */; };
		2A7F71052A69BAB10091B73C /* NetworkManager.swift in Sources */ = {isa = PBXBuildFile; fileRef = 2A7F71042A69BAB10091B73C /* NetworkManager.swift */; };
		2A7F71072A69BACB0091B73C /* Endpoint.swift in Sources */ = {isa = PBXBuildFile; fileRef = 2A7F71062A69BACB0091B73C /* Endpoint.swift */; };
		2A7F71092A69BADF0091B73C /* URLRequestBuilder.swift in Sources */ = {isa = PBXBuildFile; fileRef = 2A7F71082A69BADF0091B73C /* URLRequestBuilder.swift */; };
		2A7F710C2A69BB850091B73C /* Constants.swift in Sources */ = {isa = PBXBuildFile; fileRef = 2A7F710B2A69BB850091B73C /* Constants.swift */; };
		2A7F71102A69C1670091B73C /* AppError.swift in Sources */ = {isa = PBXBuildFile; fileRef = 2A7F710F2A69C1670091B73C /* AppError.swift */; };
		2A7F71132A6A5AD40091B73C /* CodableExtenstion.swift in Sources */ = {isa = PBXBuildFile; fileRef = 2A7F71122A6A5AD40091B73C /* CodableExtenstion.swift */; };
/* End PBXBuildFile section */

/* Begin PBXContainerItemProxy section */
		2A7F70D12A6965C00091B73C /* PBXContainerItemProxy */ = {
			isa = PBXContainerItemProxy;
			containerPortal = 2A7F70B82A6965BA0091B73C /* Project object */;
			proxyType = 1;
			remoteGlobalIDString = 2A7F70BF2A6965BA0091B73C;
			remoteInfo = "UserDisplayApp-SwiftUI";
		};
		2A7F70DB2A6965C00091B73C /* PBXContainerItemProxy */ = {
			isa = PBXContainerItemProxy;
			containerPortal = 2A7F70B82A6965BA0091B73C /* Project object */;
			proxyType = 1;
			remoteGlobalIDString = 2A7F70BF2A6965BA0091B73C;
			remoteInfo = "UserDisplayApp-SwiftUI";
		};
/* End PBXContainerItemProxy section */

/* Begin PBXFileReference section */
		2A7F70C02A6965BA0091B73C /* UserDisplayApp-SwiftUI.app */ = {isa = PBXFileReference; explicitFileType = wrapper.application; includeInIndex = 0; path = "UserDisplayApp-SwiftUI.app"; sourceTree = BUILT_PRODUCTS_DIR; };
		2A7F70C32A6965BA0091B73C /* UserDisplayApp_SwiftUIApp.swift */ = {isa = PBXFileReference; lastKnownFileType = sourcecode.swift; path = UserDisplayApp_SwiftUIApp.swift; sourceTree = "<group>"; };
		2A7F70C52A6965BA0091B73C /* ContentView.swift */ = {isa = PBXFileReference; lastKnownFileType = sourcecode.swift; path = ContentView.swift; sourceTree = "<group>"; };
		2A7F70C72A6965BF0091B73C /* Assets.xcassets */ = {isa = PBXFileReference; lastKnownFileType = folder.assetcatalog; path = Assets.xcassets; sourceTree = "<group>"; };
		2A7F70CA2A6965BF0091B73C /* Preview Assets.xcassets */ = {isa = PBXFileReference; lastKnownFileType = folder.assetcatalog; path = "Preview Assets.xcassets"; sourceTree = "<group>"; };
		2A7F70D02A6965C00091B73C /* UserDisplayApp-SwiftUITests.xctest */ = {isa = PBXFileReference; explicitFileType = wrapper.cfbundle; includeInIndex = 0; path = "UserDisplayApp-SwiftUITests.xctest"; sourceTree = BUILT_PRODUCTS_DIR; };
		2A7F70D42A6965C00091B73C /* UserDisplayApp_SwiftUITests.swift */ = {isa = PBXFileReference; lastKnownFileType = sourcecode.swift; path = UserDisplayApp_SwiftUITests.swift; sourceTree = "<group>"; };
		2A7F70DA2A6965C00091B73C /* UserDisplayApp-SwiftUIUITests.xctest */ = {isa = PBXFileReference; explicitFileType = wrapper.cfbundle; includeInIndex = 0; path = "UserDisplayApp-SwiftUIUITests.xctest"; sourceTree = BUILT_PRODUCTS_DIR; };
		2A7F70F02A69793C0091B73C /* LoginView.swift */ = {isa = PBXFileReference; lastKnownFileType = sourcecode.swift; path = LoginView.swift; sourceTree = "<group>"; };
		2A7F70F32A698DD00091B73C /* InputView.swift */ = {isa = PBXFileReference; lastKnownFileType = sourcecode.swift; path = InputView.swift; sourceTree = "<group>"; };
		2A7F70F52A69A0080091B73C /* RegistrationView.swift */ = {isa = PBXFileReference; lastKnownFileType = sourcecode.swift; path = RegistrationView.swift; sourceTree = "<group>"; };
		2A7F70F72A69A2CD0091B73C /* ButtonView.swift */ = {isa = PBXFileReference; lastKnownFileType = sourcecode.swift; path = ButtonView.swift; sourceTree = "<group>"; };
		2A7F70F92A69A9880091B73C /* UsersView.swift */ = {isa = PBXFileReference; lastKnownFileType = sourcecode.swift; path = UsersView.swift; sourceTree = "<group>"; };
		2A7F70FB2A69B0090091B73C /* UserRowView.swift */ = {isa = PBXFileReference; lastKnownFileType = sourcecode.swift; path = UserRowView.swift; sourceTree = "<group>"; };
		2A7F70FE2A69B0680091B73C /* User.swift */ = {isa = PBXFileReference; lastKnownFileType = sourcecode.swift; path = User.swift; sourceTree = "<group>"; };
		2A7F71012A69B19F0091B73C /* UserServiceViewModel.swift */ = {isa = PBXFileReference; lastKnownFileType = sourcecode.swift; path = UserServiceViewModel.swift; sourceTree = "<group>"; };
		2A7F71042A69BAB10091B73C /* NetworkManager.swift */ = {isa = PBXFileReference; lastKnownFileType = sourcecode.swift; path = NetworkManager.swift; sourceTree = "<group>"; };
		2A7F71062A69BACB0091B73C /* Endpoint.swift */ = {isa = PBXFileReference; lastKnownFileType = sourcecode.swift; path = Endpoint.swift; sourceTree = "<group>"; };
		2A7F71082A69BADF0091B73C /* URLRequestBuilder.swift */ = {isa = PBXFileReference; lastKnownFileType = sourcecode.swift; path = URLRequestBuilder.swift; sourceTree = "<group>"; };
		2A7F710B2A69BB850091B73C /* Constants.swift */ = {isa = PBXFileReference; lastKnownFileType = sourcecode.swift; path = Constants.swift; sourceTree = "<group>"; };
		2A7F710F2A69C1670091B73C /* AppError.swift */ = {isa = PBXFileReference; lastKnownFileType = sourcecode.swift; path = AppError.swift; sourceTree = "<group>"; };
		2A7F71122A6A5AD40091B73C /* CodableExtenstion.swift */ = {isa = PBXFileReference; lastKnownFileType = sourcecode.swift; path = CodableExtenstion.swift; sourceTree = "<group>"; };
/* End PBXFileReference section */

/* Begin PBXFrameworksBuildPhase section */
		2A7F70BD2A6965BA0091B73C /* Frameworks */ = {
			isa = PBXFrameworksBuildPhase;
			buildActionMask = 2147483647;
			files = (
			);
			runOnlyForDeploymentPostprocessing = 0;
		};
		2A7F70CD2A6965C00091B73C /* Frameworks */ = {
			isa = PBXFrameworksBuildPhase;
			buildActionMask = 2147483647;
			files = (
			);
			runOnlyForDeploymentPostprocessing = 0;
		};
		2A7F70D72A6965C00091B73C /* Frameworks */ = {
			isa = PBXFrameworksBuildPhase;
			buildActionMask = 2147483647;
			files = (
			);
			runOnlyForDeploymentPostprocessing = 0;
		};
/* End PBXFrameworksBuildPhase section */

/* Begin PBXGroup section */
		2A7F70B72A6965BA0091B73C = {
			isa = PBXGroup;
			children = (
				2A7F70C22A6965BA0091B73C /* UserDisplayApp-SwiftUI */,
				2A7F70D32A6965C00091B73C /* UserDisplayApp-SwiftUITests */,
				2A7F70C12A6965BA0091B73C /* Products */,
			);
			sourceTree = "<group>";
		};
		2A7F70C12A6965BA0091B73C /* Products */ = {
			isa = PBXGroup;
			children = (
				2A7F70C02A6965BA0091B73C /* UserDisplayApp-SwiftUI.app */,
				2A7F70D02A6965C00091B73C /* UserDisplayApp-SwiftUITests.xctest */,
				2A7F70DA2A6965C00091B73C /* UserDisplayApp-SwiftUIUITests.xctest */,
			);
			name = Products;
			sourceTree = "<group>";
		};
		2A7F70C22A6965BA0091B73C /* UserDisplayApp-SwiftUI */ = {
			isa = PBXGroup;
			children = (
				2A7F70EE2A69790D0091B73C /* Source */,
				2A7F70C72A6965BF0091B73C /* Assets.xcassets */,
				2A7F70C92A6965BF0091B73C /* Preview Content */,
			);
			path = "UserDisplayApp-SwiftUI";
			sourceTree = "<group>";
		};
		2A7F70C92A6965BF0091B73C /* Preview Content */ = {
			isa = PBXGroup;
			children = (
				2A7F70CA2A6965BF0091B73C /* Preview Assets.xcassets */,
			);
			path = "Preview Content";
			sourceTree = "<group>";
		};
		2A7F70D32A6965C00091B73C /* UserDisplayApp-SwiftUITests */ = {
			isa = PBXGroup;
			children = (
				2A7F70D42A6965C00091B73C /* UserDisplayApp_SwiftUITests.swift */,
			);
			path = "UserDisplayApp-SwiftUITests";
			sourceTree = "<group>";
		};
		2A7F70ED2A6978FF0091B73C /* App */ = {
			isa = PBXGroup;
			children = (
				2A7F70C32A6965BA0091B73C /* UserDisplayApp_SwiftUIApp.swift */,
			);
			path = App;
			sourceTree = "<group>";
		};
		2A7F70EE2A69790D0091B73C /* Source */ = {
			isa = PBXGroup;
			children = (
				2A7F71112A6A5AB90091B73C /* Extenstions */,
				2A7F70ED2A6978FF0091B73C /* App */,
				2A7F70F22A698DB20091B73C /* Components */,
				2A7F710A2A69BB560091B73C /* Enums */,
				2A7F70FD2A69B0420091B73C /* Models */,
				2A7F71032A69BA8D0091B73C /* Network */,
				2A7F71002A69B1670091B73C /* ViewModels */,
				2A7F70EF2A69791D0091B73C /* Views */,
			);
			path = Source;
			sourceTree = "<group>";
		};
		2A7F70EF2A69791D0091B73C /* Views */ = {
			isa = PBXGroup;
			children = (
				2A7F70C52A6965BA0091B73C /* ContentView.swift */,
				2A7F70F02A69793C0091B73C /* LoginView.swift */,
				2A7F70F52A69A0080091B73C /* RegistrationView.swift */,
				2A7F70F92A69A9880091B73C /* UsersView.swift */,
			);
			path = Views;
			sourceTree = "<group>";
		};
		2A7F70F22A698DB20091B73C /* Components */ = {
			isa = PBXGroup;
			children = (
				2A7F70F32A698DD00091B73C /* InputView.swift */,
				2A7F70F72A69A2CD0091B73C /* ButtonView.swift */,
				2A7F70FB2A69B0090091B73C /* UserRowView.swift */,
			);
			path = Components;
			sourceTree = "<group>";
		};
		2A7F70FD2A69B0420091B73C /* Models */ = {
			isa = PBXGroup;
			children = (
				2A7F70FE2A69B0680091B73C /* User.swift */,
			);
			path = Models;
			sourceTree = "<group>";
		};
		2A7F71002A69B1670091B73C /* ViewModels */ = {
			isa = PBXGroup;
			children = (
				2A7F71012A69B19F0091B73C /* UserServiceViewModel.swift */,
			);
			path = ViewModels;
			sourceTree = "<group>";
		};
		2A7F71032A69BA8D0091B73C /* Network */ = {
			isa = PBXGroup;
			children = (
				2A7F71042A69BAB10091B73C /* NetworkManager.swift */,
				2A7F71062A69BACB0091B73C /* Endpoint.swift */,
				2A7F71082A69BADF0091B73C /* URLRequestBuilder.swift */,
			);
			path = Network;
			sourceTree = "<group>";
		};
		2A7F710A2A69BB560091B73C /* Enums */ = {
			isa = PBXGroup;
			children = (
				2A7F710B2A69BB850091B73C /* Constants.swift */,
				2A7F710F2A69C1670091B73C /* AppError.swift */,
			);
			path = Enums;
			sourceTree = "<group>";
		};
		2A7F71112A6A5AB90091B73C /* Extenstions */ = {
			isa = PBXGroup;
			children = (
				2A7F71122A6A5AD40091B73C /* CodableExtenstion.swift */,
			);
			path = Extenstions;
			sourceTree = "<group>";
		};
/* End PBXGroup section */

/* Begin PBXNativeTarget section */
		2A7F70BF2A6965BA0091B73C /* UserDisplayApp-SwiftUI */ = {
			isa = PBXNativeTarget;
			buildConfigurationList = 2A7F70E42A6965C00091B73C /* Build configuration list for PBXNativeTarget "UserDisplayApp-SwiftUI" */;
			buildPhases = (
				2A7F70BC2A6965BA0091B73C /* Sources */,
				2A7F70BD2A6965BA0091B73C /* Frameworks */,
				2A7F70BE2A6965BA0091B73C /* Resources */,
			);
			buildRules = (
			);
			dependencies = (
			);
			name = "UserDisplayApp-SwiftUI";
			productName = "UserDisplayApp-SwiftUI";
			productReference = 2A7F70C02A6965BA0091B73C /* UserDisplayApp-SwiftUI.app */;
			productType = "com.apple.product-type.application";
		};
		2A7F70CF2A6965C00091B73C /* UserDisplayApp-SwiftUITests */ = {
			isa = PBXNativeTarget;
			buildConfigurationList = 2A7F70E72A6965C00091B73C /* Build configuration list for PBXNativeTarget "UserDisplayApp-SwiftUITests" */;
			buildPhases = (
				2A7F70CC2A6965C00091B73C /* Sources */,
				2A7F70CD2A6965C00091B73C /* Frameworks */,
				2A7F70CE2A6965C00091B73C /* Resources */,
			);
			buildRules = (
			);
			dependencies = (
				2A7F70D22A6965C00091B73C /* PBXTargetDependency */,
			);
			name = "UserDisplayApp-SwiftUITests";
			productName = "UserDisplayApp-SwiftUITests";
			productReference = 2A7F70D02A6965C00091B73C /* UserDisplayApp-SwiftUITests.xctest */;
			productType = "com.apple.product-type.bundle.unit-test";
		};
		2A7F70D92A6965C00091B73C /* UserDisplayApp-SwiftUIUITests */ = {
			isa = PBXNativeTarget;
			buildConfigurationList = 2A7F70EA2A6965C00091B73C /* Build configuration list for PBXNativeTarget "UserDisplayApp-SwiftUIUITests" */;
			buildPhases = (
				2A7F70D62A6965C00091B73C /* Sources */,
				2A7F70D72A6965C00091B73C /* Frameworks */,
				2A7F70D82A6965C00091B73C /* Resources */,
			);
			buildRules = (
			);
			dependencies = (
				2A7F70DC2A6965C00091B73C /* PBXTargetDependency */,
			);
			name = "UserDisplayApp-SwiftUIUITests";
			productName = "UserDisplayApp-SwiftUIUITests";
			productReference = 2A7F70DA2A6965C00091B73C /* UserDisplayApp-SwiftUIUITests.xctest */;
			productType = "com.apple.product-type.bundle.ui-testing";
		};
/* End PBXNativeTarget section */

/* Begin PBXProject section */
		2A7F70B82A6965BA0091B73C /* Project object */ = {
			isa = PBXProject;
			attributes = {
				BuildIndependentTargetsInParallel = 1;
				LastSwiftUpdateCheck = 1430;
				LastUpgradeCheck = 1430;
				TargetAttributes = {
					2A7F70BF2A6965BA0091B73C = {
						CreatedOnToolsVersion = 14.3;
					};
					2A7F70CF2A6965C00091B73C = {
						CreatedOnToolsVersion = 14.3;
						TestTargetID = 2A7F70BF2A6965BA0091B73C;
					};
					2A7F70D92A6965C00091B73C = {
						CreatedOnToolsVersion = 14.3;
						TestTargetID = 2A7F70BF2A6965BA0091B73C;
					};
				};
			};
			buildConfigurationList = 2A7F70BB2A6965BA0091B73C /* Build configuration list for PBXProject "UserDisplayApp-SwiftUI" */;
			compatibilityVersion = "Xcode 14.0";
			developmentRegion = en;
			hasScannedForEncodings = 0;
			knownRegions = (
				en,
				Base,
			);
			mainGroup = 2A7F70B72A6965BA0091B73C;
			productRefGroup = 2A7F70C12A6965BA0091B73C /* Products */;
			projectDirPath = "";
			projectRoot = "";
			targets = (
				2A7F70BF2A6965BA0091B73C /* UserDisplayApp-SwiftUI */,
				2A7F70CF2A6965C00091B73C /* UserDisplayApp-SwiftUITests */,
				2A7F70D92A6965C00091B73C /* UserDisplayApp-SwiftUIUITests */,
			);
		};
/* End PBXProject section */

/* Begin PBXResourcesBuildPhase section */
		2A7F70BE2A6965BA0091B73C /* Resources */ = {
			isa = PBXResourcesBuildPhase;
			buildActionMask = 2147483647;
			files = (
				2A7F70CB2A6965BF0091B73C /* Preview Assets.xcassets in Resources */,
				2A7F70C82A6965BF0091B73C /* Assets.xcassets in Resources */,
			);
			runOnlyForDeploymentPostprocessing = 0;
		};
		2A7F70CE2A6965C00091B73C /* Resources */ = {
			isa = PBXResourcesBuildPhase;
			buildActionMask = 2147483647;
			files = (
			);
			runOnlyForDeploymentPostprocessing = 0;
		};
		2A7F70D82A6965C00091B73C /* Resources */ = {
			isa = PBXResourcesBuildPhase;
			buildActionMask = 2147483647;
			files = (
			);
			runOnlyForDeploymentPostprocessing = 0;
		};
/* End PBXResourcesBuildPhase section */

/* Begin PBXSourcesBuildPhase section */
		2A7F70BC2A6965BA0091B73C /* Sources */ = {
			isa = PBXSourcesBuildPhase;
			buildActionMask = 2147483647;
			files = (
				2A7F70FA2A69A9880091B73C /* UsersView.swift in Sources */,
				2A7F70F12A69793C0091B73C /* LoginView.swift in Sources */,
				2A7F71092A69BADF0091B73C /* URLRequestBuilder.swift in Sources */,
				2A7F71102A69C1670091B73C /* AppError.swift in Sources */,
				2A7F70F42A698DD00091B73C /* InputView.swift in Sources */,
				2A7F70F82A69A2CD0091B73C /* ButtonView.swift in Sources */,
				2A7F71052A69BAB10091B73C /* NetworkManager.swift in Sources */,
				2A7F70C62A6965BA0091B73C /* ContentView.swift in Sources */,
				2A7F70FF2A69B0680091B73C /* User.swift in Sources */,
				2A7F70C42A6965BA0091B73C /* UserDisplayApp_SwiftUIApp.swift in Sources */,
				2A7F70FC2A69B0090091B73C /* UserRowView.swift in Sources */,
				2A7F70F62A69A0080091B73C /* RegistrationView.swift in Sources */,
				2A7F710C2A69BB850091B73C /* Constants.swift in Sources */,
				2A7F71132A6A5AD40091B73C /* CodableExtenstion.swift in Sources */,
				2A7F71072A69BACB0091B73C /* Endpoint.swift in Sources */,
				2A7F71022A69B19F0091B73C /* UserServiceViewModel.swift in Sources */,
			);
			runOnlyForDeploymentPostprocessing = 0;
		};
		2A7F70CC2A6965C00091B73C /* Sources */ = {
			isa = PBXSourcesBuildPhase;
			buildActionMask = 2147483647;
			files = (
				2A7F70D52A6965C00091B73C /* UserDisplayApp_SwiftUITests.swift in Sources */,
			);
			runOnlyForDeploymentPostprocessing = 0;
		};
		2A7F70D62A6965C00091B73C /* Sources */ = {
			isa = PBXSourcesBuildPhase;
			buildActionMask = 2147483647;
			files = (
			);
			runOnlyForDeploymentPostprocessing = 0;
		};
/* End PBXSourcesBuildPhase section */

/* Begin PBXTargetDependency section */
		2A7F70D22A6965C00091B73C /* PBXTargetDependency */ = {
			isa = PBXTargetDependency;
			target = 2A7F70BF2A6965BA0091B73C /* UserDisplayApp-SwiftUI */;
			targetProxy = 2A7F70D12A6965C00091B73C /* PBXContainerItemProxy */;
		};
		2A7F70DC2A6965C00091B73C /* PBXTargetDependency */ = {
			isa = PBXTargetDependency;
			target = 2A7F70BF2A6965BA0091B73C /* UserDisplayApp-SwiftUI */;
			targetProxy = 2A7F70DB2A6965C00091B73C /* PBXContainerItemProxy */;
		};
/* End PBXTargetDependency section */

/* Begin XCBuildConfiguration section */
		2A7F70E22A6965C00091B73C /* Debug */ = {
			isa = XCBuildConfiguration;
			buildSettings = {
				ALWAYS_SEARCH_USER_PATHS = NO;
				CLANG_ANALYZER_NONNULL = YES;
				CLANG_ANALYZER_NUMBER_OBJECT_CONVERSION = YES_AGGRESSIVE;
				CLANG_CXX_LANGUAGE_STANDARD = "gnu++20";
				CLANG_ENABLE_MODULES = YES;
				CLANG_ENABLE_OBJC_ARC = YES;
				CLANG_ENABLE_OBJC_WEAK = YES;
				CLANG_WARN_BLOCK_CAPTURE_AUTORELEASING = YES;
				CLANG_WARN_BOOL_CONVERSION = YES;
				CLANG_WARN_COMMA = YES;
				CLANG_WARN_CONSTANT_CONVERSION = YES;
				CLANG_WARN_DEPRECATED_OBJC_IMPLEMENTATIONS = YES;
				CLANG_WARN_DIRECT_OBJC_ISA_USAGE = YES_ERROR;
				CLANG_WARN_DOCUMENTATION_COMMENTS = YES;
				CLANG_WARN_EMPTY_BODY = YES;
				CLANG_WARN_ENUM_CONVERSION = YES;
				CLANG_WARN_INFINITE_RECURSION = YES;
				CLANG_WARN_INT_CONVERSION = YES;
				CLANG_WARN_NON_LITERAL_NULL_CONVERSION = YES;
				CLANG_WARN_OBJC_IMPLICIT_RETAIN_SELF = YES;
				CLANG_WARN_OBJC_LITERAL_CONVERSION = YES;
				CLANG_WARN_OBJC_ROOT_CLASS = YES_ERROR;
				CLANG_WARN_QUOTED_INCLUDE_IN_FRAMEWORK_HEADER = YES;
				CLANG_WARN_RANGE_LOOP_ANALYSIS = YES;
				CLANG_WARN_STRICT_PROTOTYPES = YES;
				CLANG_WARN_SUSPICIOUS_MOVE = YES;
				CLANG_WARN_UNGUARDED_AVAILABILITY = YES_AGGRESSIVE;
				CLANG_WARN_UNREACHABLE_CODE = YES;
				CLANG_WARN__DUPLICATE_METHOD_MATCH = YES;
				COPY_PHASE_STRIP = NO;
				DEBUG_INFORMATION_FORMAT = dwarf;
				ENABLE_STRICT_OBJC_MSGSEND = YES;
				ENABLE_TESTABILITY = YES;
				GCC_C_LANGUAGE_STANDARD = gnu11;
				GCC_DYNAMIC_NO_PIC = NO;
				GCC_NO_COMMON_BLOCKS = YES;
				GCC_OPTIMIZATION_LEVEL = 0;
				GCC_PREPROCESSOR_DEFINITIONS = (
					"DEBUG=1",
					"$(inherited)",
				);
				GCC_WARN_64_TO_32_BIT_CONVERSION = YES;
				GCC_WARN_ABOUT_RETURN_TYPE = YES_ERROR;
				GCC_WARN_UNDECLARED_SELECTOR = YES;
				GCC_WARN_UNINITIALIZED_AUTOS = YES_AGGRESSIVE;
				GCC_WARN_UNUSED_FUNCTION = YES;
				GCC_WARN_UNUSED_VARIABLE = YES;
				IPHONEOS_DEPLOYMENT_TARGET = 16.4;
				MTL_ENABLE_DEBUG_INFO = INCLUDE_SOURCE;
				MTL_FAST_MATH = YES;
				ONLY_ACTIVE_ARCH = YES;
				SDKROOT = iphoneos;
				SWIFT_ACTIVE_COMPILATION_CONDITIONS = DEBUG;
				SWIFT_OPTIMIZATION_LEVEL = "-Onone";
			};
			name = Debug;
		};
		2A7F70E32A6965C00091B73C /* Release */ = {
			isa = XCBuildConfiguration;
			buildSettings = {
				ALWAYS_SEARCH_USER_PATHS = NO;
				CLANG_ANALYZER_NONNULL = YES;
				CLANG_ANALYZER_NUMBER_OBJECT_CONVERSION = YES_AGGRESSIVE;
				CLANG_CXX_LANGUAGE_STANDARD = "gnu++20";
				CLANG_ENABLE_MODULES = YES;
				CLANG_ENABLE_OBJC_ARC = YES;
				CLANG_ENABLE_OBJC_WEAK = YES;
				CLANG_WARN_BLOCK_CAPTURE_AUTORELEASING = YES;
				CLANG_WARN_BOOL_CONVERSION = YES;
				CLANG_WARN_COMMA = YES;
				CLANG_WARN_CONSTANT_CONVERSION = YES;
				CLANG_WARN_DEPRECATED_OBJC_IMPLEMENTATIONS = YES;
				CLANG_WARN_DIRECT_OBJC_ISA_USAGE = YES_ERROR;
				CLANG_WARN_DOCUMENTATION_COMMENTS = YES;
				CLANG_WARN_EMPTY_BODY = YES;
				CLANG_WARN_ENUM_CONVERSION = YES;
				CLANG_WARN_INFINITE_RECURSION = YES;
				CLANG_WARN_INT_CONVERSION = YES;
				CLANG_WARN_NON_LITERAL_NULL_CONVERSION = YES;
				CLANG_WARN_OBJC_IMPLICIT_RETAIN_SELF = YES;
				CLANG_WARN_OBJC_LITERAL_CONVERSION = YES;
				CLANG_WARN_OBJC_ROOT_CLASS = YES_ERROR;
				CLANG_WARN_QUOTED_INCLUDE_IN_FRAMEWORK_HEADER = YES;
				CLANG_WARN_RANGE_LOOP_ANALYSIS = YES;
				CLANG_WARN_STRICT_PROTOTYPES = YES;
				CLANG_WARN_SUSPICIOUS_MOVE = YES;
				CLANG_WARN_UNGUARDED_AVAILABILITY = YES_AGGRESSIVE;
				CLANG_WARN_UNREACHABLE_CODE = YES;
				CLANG_WARN__DUPLICATE_METHOD_MATCH = YES;
				COPY_PHASE_STRIP = NO;
				DEBUG_INFORMATION_FORMAT = "dwarf-with-dsym";
				ENABLE_NS_ASSERTIONS = NO;
				ENABLE_STRICT_OBJC_MSGSEND = YES;
				GCC_C_LANGUAGE_STANDARD = gnu11;
				GCC_NO_COMMON_BLOCKS = YES;
				GCC_WARN_64_TO_32_BIT_CONVERSION = YES;
				GCC_WARN_ABOUT_RETURN_TYPE = YES_ERROR;
				GCC_WARN_UNDECLARED_SELECTOR = YES;
				GCC_WARN_UNINITIALIZED_AUTOS = YES_AGGRESSIVE;
				GCC_WARN_UNUSED_FUNCTION = YES;
				GCC_WARN_UNUSED_VARIABLE = YES;
				IPHONEOS_DEPLOYMENT_TARGET = 16.4;
				MTL_ENABLE_DEBUG_INFO = NO;
				MTL_FAST_MATH = YES;
				SDKROOT = iphoneos;
				SWIFT_COMPILATION_MODE = wholemodule;
				SWIFT_OPTIMIZATION_LEVEL = "-O";
				VALIDATE_PRODUCT = YES;
			};
			name = Release;
		};
		2A7F70E52A6965C00091B73C /* Debug */ = {
			isa = XCBuildConfiguration;
			buildSettings = {
				ASSETCATALOG_COMPILER_APPICON_NAME = AppIcon;
				ASSETCATALOG_COMPILER_GLOBAL_ACCENT_COLOR_NAME = AccentColor;
				CODE_SIGN_STYLE = Automatic;
				CURRENT_PROJECT_VERSION = 1;
				DEVELOPMENT_ASSET_PATHS = "\"UserDisplayApp-SwiftUI/Preview Content\"";
				DEVELOPMENT_TEAM = 8BF3K35WWK;
				ENABLE_PREVIEWS = YES;
				GENERATE_INFOPLIST_FILE = YES;
				INFOPLIST_KEY_UIApplicationSceneManifest_Generation = YES;
				INFOPLIST_KEY_UIApplicationSupportsIndirectInputEvents = YES;
				INFOPLIST_KEY_UILaunchScreen_Generation = YES;
				INFOPLIST_KEY_UISupportedInterfaceOrientations_iPad = "UIInterfaceOrientationPortrait UIInterfaceOrientationPortraitUpsideDown UIInterfaceOrientationLandscapeLeft UIInterfaceOrientationLandscapeRight";
				INFOPLIST_KEY_UISupportedInterfaceOrientations_iPhone = "UIInterfaceOrientationPortrait UIInterfaceOrientationLandscapeLeft UIInterfaceOrientationLandscapeRight";
				LD_RUNPATH_SEARCH_PATHS = (
					"$(inherited)",
					"@executable_path/Frameworks",
				);
				MARKETING_VERSION = 1.0;
				PRODUCT_BUNDLE_IDENTIFIER = "com.user.display.swiftui.app.UserDisplayApp-SwiftUI";
				PRODUCT_NAME = "$(TARGET_NAME)";
				SWIFT_EMIT_LOC_STRINGS = YES;
				SWIFT_VERSION = 5.0;
				TARGETED_DEVICE_FAMILY = "1,2";
			};
			name = Debug;
		};
		2A7F70E62A6965C00091B73C /* Release */ = {
			isa = XCBuildConfiguration;
			buildSettings = {
				ASSETCATALOG_COMPILER_APPICON_NAME = AppIcon;
				ASSETCATALOG_COMPILER_GLOBAL_ACCENT_COLOR_NAME = AccentColor;
				CODE_SIGN_STYLE = Automatic;
				CURRENT_PROJECT_VERSION = 1;
				DEVELOPMENT_ASSET_PATHS = "\"UserDisplayApp-SwiftUI/Preview Content\"";
				DEVELOPMENT_TEAM = 8BF3K35WWK;
				ENABLE_PREVIEWS = YES;
				GENERATE_INFOPLIST_FILE = YES;
				INFOPLIST_KEY_UIApplicationSceneManifest_Generation = YES;
				INFOPLIST_KEY_UIApplicationSupportsIndirectInputEvents = YES;
				INFOPLIST_KEY_UILaunchScreen_Generation = YES;
				INFOPLIST_KEY_UISupportedInterfaceOrientations_iPad = "UIInterfaceOrientationPortrait UIInterfaceOrientationPortraitUpsideDown UIInterfaceOrientationLandscapeLeft UIInterfaceOrientationLandscapeRight";
				INFOPLIST_KEY_UISupportedInterfaceOrientations_iPhone = "UIInterfaceOrientationPortrait UIInterfaceOrientationLandscapeLeft UIInterfaceOrientationLandscapeRight";
				LD_RUNPATH_SEARCH_PATHS = (
					"$(inherited)",
					"@executable_path/Frameworks",
				);
				MARKETING_VERSION = 1.0;
				PRODUCT_BUNDLE_IDENTIFIER = "com.user.display.swiftui.app.UserDisplayApp-SwiftUI";
				PRODUCT_NAME = "$(TARGET_NAME)";
				SWIFT_EMIT_LOC_STRINGS = YES;
				SWIFT_VERSION = 5.0;
				TARGETED_DEVICE_FAMILY = "1,2";
			};
			name = Release;
		};
		2A7F70E82A6965C00091B73C /* Debug */ = {
			isa = XCBuildConfiguration;
			buildSettings = {
				ALWAYS_EMBED_SWIFT_STANDARD_LIBRARIES = YES;
				BUNDLE_LOADER = "$(TEST_HOST)";
				CODE_SIGN_STYLE = Automatic;
				CURRENT_PROJECT_VERSION = 1;
				DEVELOPMENT_TEAM = 8BF3K35WWK;
				GENERATE_INFOPLIST_FILE = YES;
				IPHONEOS_DEPLOYMENT_TARGET = 16.4;
				MARKETING_VERSION = 1.0;
				PRODUCT_BUNDLE_IDENTIFIER = "com.user.display.swiftui.app.UserDisplayApp-SwiftUITests";
				PRODUCT_NAME = "$(TARGET_NAME)";
				SWIFT_EMIT_LOC_STRINGS = NO;
				SWIFT_VERSION = 5.0;
				TARGETED_DEVICE_FAMILY = "1,2";
				TEST_HOST = "$(BUILT_PRODUCTS_DIR)/UserDisplayApp-SwiftUI.app/$(BUNDLE_EXECUTABLE_FOLDER_PATH)/UserDisplayApp-SwiftUI";
			};
			name = Debug;
		};
		2A7F70E92A6965C00091B73C /* Release */ = {
			isa = XCBuildConfiguration;
			buildSettings = {
				ALWAYS_EMBED_SWIFT_STANDARD_LIBRARIES = YES;
				BUNDLE_LOADER = "$(TEST_HOST)";
				CODE_SIGN_STYLE = Automatic;
				CURRENT_PROJECT_VERSION = 1;
				DEVELOPMENT_TEAM = 8BF3K35WWK;
				GENERATE_INFOPLIST_FILE = YES;
				IPHONEOS_DEPLOYMENT_TARGET = 16.4;
				MARKETING_VERSION = 1.0;
				PRODUCT_BUNDLE_IDENTIFIER = "com.user.display.swiftui.app.UserDisplayApp-SwiftUITests";
				PRODUCT_NAME = "$(TARGET_NAME)";
				SWIFT_EMIT_LOC_STRINGS = NO;
				SWIFT_VERSION = 5.0;
				TARGETED_DEVICE_FAMILY = "1,2";
				TEST_HOST = "$(BUILT_PRODUCTS_DIR)/UserDisplayApp-SwiftUI.app/$(BUNDLE_EXECUTABLE_FOLDER_PATH)/UserDisplayApp-SwiftUI";
			};
			name = Release;
		};
		2A7F70EB2A6965C00091B73C /* Debug */ = {
			isa = XCBuildConfiguration;
			buildSettings = {
				ALWAYS_EMBED_SWIFT_STANDARD_LIBRARIES = YES;
				CODE_SIGN_STYLE = Automatic;
				CURRENT_PROJECT_VERSION = 1;
				DEVELOPMENT_TEAM = 8BF3K35WWK;
				GENERATE_INFOPLIST_FILE = YES;
				MARKETING_VERSION = 1.0;
				PRODUCT_BUNDLE_IDENTIFIER = "com.user.display.swiftui.app.UserDisplayApp-SwiftUIUITests";
				PRODUCT_NAME = "$(TARGET_NAME)";
				SWIFT_EMIT_LOC_STRINGS = NO;
				SWIFT_VERSION = 5.0;
				TARGETED_DEVICE_FAMILY = "1,2";
				TEST_TARGET_NAME = "UserDisplayApp-SwiftUI";
			};
			name = Debug;
		};
		2A7F70EC2A6965C00091B73C /* Release */ = {
			isa = XCBuildConfiguration;
			buildSettings = {
				ALWAYS_EMBED_SWIFT_STANDARD_LIBRARIES = YES;
				CODE_SIGN_STYLE = Automatic;
				CURRENT_PROJECT_VERSION = 1;
				DEVELOPMENT_TEAM = 8BF3K35WWK;
				GENERATE_INFOPLIST_FILE = YES;
				MARKETING_VERSION = 1.0;
				PRODUCT_BUNDLE_IDENTIFIER = "com.user.display.swiftui.app.UserDisplayApp-SwiftUIUITests";
				PRODUCT_NAME = "$(TARGET_NAME)";
				SWIFT_EMIT_LOC_STRINGS = NO;
				SWIFT_VERSION = 5.0;
				TARGETED_DEVICE_FAMILY = "1,2";
				TEST_TARGET_NAME = "UserDisplayApp-SwiftUI";
			};
			name = Release;
		};
/* End XCBuildConfiguration section */

/* Begin XCConfigurationList section */
		2A7F70BB2A6965BA0091B73C /* Build configuration list for PBXProject "UserDisplayApp-SwiftUI" */ = {
			isa = XCConfigurationList;
			buildConfigurations = (
				2A7F70E22A6965C00091B73C /* Debug */,
				2A7F70E32A6965C00091B73C /* Release */,
			);
			defaultConfigurationIsVisible = 0;
			defaultConfigurationName = Release;
		};
		2A7F70E42A6965C00091B73C /* Build configuration list for PBXNativeTarget "UserDisplayApp-SwiftUI" */ = {
			isa = XCConfigurationList;
			buildConfigurations = (
				2A7F70E52A6965C00091B73C /* Debug */,
				2A7F70E62A6965C00091B73C /* Release */,
			);
			defaultConfigurationIsVisible = 0;
			defaultConfigurationName = Release;
		};
		2A7F70E72A6965C00091B73C /* Build configuration list for PBXNativeTarget "UserDisplayApp-SwiftUITests" */ = {
			isa = XCConfigurationList;
			buildConfigurations = (
				2A7F70E82A6965C00091B73C /* Debug */,
				2A7F70E92A6965C00091B73C /* Release */,
			);
			defaultConfigurationIsVisible = 0;
			defaultConfigurationName = Release;
		};
		2A7F70EA2A6965C00091B73C /* Build configuration list for PBXNativeTarget "UserDisplayApp-SwiftUIUITests" */ = {
			isa = XCConfigurationList;
			buildConfigurations = (
				2A7F70EB2A6965C00091B73C /* Debug */,
				2A7F70EC2A6965C00091B73C /* Release */,
			);
			defaultConfigurationIsVisible = 0;
			defaultConfigurationName = Release;
		};
/* End XCConfigurationList section */
	};
	rootObject = 2A7F70B82A6965BA0091B73C /* Project object */;
}
